// !$*UTF8*$!
{
	archiveVersion = 1;
	classes = {
	};
	objectVersion = 55;
	objects = {

/* Begin PBXBuildFile section */
		526208C327FFFE8600D4995B /* AppDelegate.swift in Sources */ = {isa = PBXBuildFile; fileRef = 526208C227FFFE8600D4995B /* AppDelegate.swift */; };
		526208C527FFFE8600D4995B /* SceneDelegate.swift in Sources */ = {isa = PBXBuildFile; fileRef = 526208C427FFFE8600D4995B /* SceneDelegate.swift */; };
		526208C727FFFE8600D4995B /* ViewController.swift in Sources */ = {isa = PBXBuildFile; fileRef = 526208C627FFFE8600D4995B /* ViewController.swift */; };
		526208CA27FFFE8600D4995B /* Main.storyboard in Resources */ = {isa = PBXBuildFile; fileRef = 526208C827FFFE8600D4995B /* Main.storyboard */; };
		526208CC27FFFE8700D4995B /* Assets.xcassets in Resources */ = {isa = PBXBuildFile; fileRef = 526208CB27FFFE8700D4995B /* Assets.xcassets */; };
		526208CF27FFFE8700D4995B /* LaunchScreen.storyboard in Resources */ = {isa = PBXBuildFile; fileRef = 526208CD27FFFE8700D4995B /* LaunchScreen.storyboard */; };
		526208D8280005E600D4995B /* BuildFile in Embed Frameworks */ = {isa = PBXBuildFile; settings = {ATTRIBUTES = (RemoveHeadersOnCopy, ); }; };
		54F4A29665AEE76CBD69D5BA /* Pods_TestRegistryFramework.framework in Frameworks */ = {isa = PBXBuildFile; fileRef = 73902D7F1F1A72027C586DB8 /* Pods_TestRegistryFramework.framework */; };
/* End PBXBuildFile section */

/* Begin PBXCopyFilesBuildPhase section */
		526208D9280005E600D4995B /* Embed Frameworks */ = {
			isa = PBXCopyFilesBuildPhase;
			buildActionMask = 2147483647;
			dstPath = "";
			dstSubfolderSpec = 10;
			files = (
				526208D8280005E600D4995B /* BuildFile in Embed Frameworks */,
			);
			name = "Embed Frameworks";
			runOnlyForDeploymentPostprocessing = 0;
		};
/* End PBXCopyFilesBuildPhase section */

/* Begin PBXFileReference section */
		5245B9B1AB7F396006A8DDC8 /* Pods-TestRegistryFramework.debug.xcconfig */ = {isa = PBXFileReference; includeInIndex = 1; lastKnownFileType = text.xcconfig; name = "Pods-TestRegistryFramework.debug.xcconfig"; path = "Target Support Files/Pods-TestRegistryFramework/Pods-TestRegistryFramework.debug.xcconfig"; sourceTree = "<group>"; };
		526208BF27FFFE8600D4995B /* TestRegistryFramework.app */ = {isa = PBXFileReference; explicitFileType = wrapper.application; includeInIndex = 0; path = TestRegistryFramework.app; sourceTree = BUILT_PRODUCTS_DIR; };
		526208C227FFFE8600D4995B /* AppDelegate.swift */ = {isa = PBXFileReference; lastKnownFileType = sourcecode.swift; path = AppDelegate.swift; sourceTree = "<group>"; };
		526208C427FFFE8600D4995B /* SceneDelegate.swift */ = {isa = PBXFileReference; lastKnownFileType = sourcecode.swift; path = SceneDelegate.swift; sourceTree = "<group>"; };
		526208C627FFFE8600D4995B /* ViewController.swift */ = {isa = PBXFileReference; lastKnownFileType = sourcecode.swift; path = ViewController.swift; sourceTree = "<group>"; };
		526208C927FFFE8600D4995B /* Base */ = {isa = PBXFileReference; lastKnownFileType = file.storyboard; name = Base; path = Base.lproj/Main.storyboard; sourceTree = "<group>"; };
		526208CB27FFFE8700D4995B /* Assets.xcassets */ = {isa = PBXFileReference; lastKnownFileType = folder.assetcatalog; path = Assets.xcassets; sourceTree = "<group>"; };
		526208CE27FFFE8700D4995B /* Base */ = {isa = PBXFileReference; lastKnownFileType = file.storyboard; name = Base; path = Base.lproj/LaunchScreen.storyboard; sourceTree = "<group>"; };
		526208D027FFFE8700D4995B /* Info.plist */ = {isa = PBXFileReference; lastKnownFileType = text.plist.xml; path = Info.plist; sourceTree = "<group>"; };
		73902D7F1F1A72027C586DB8 /* Pods_TestRegistryFramework.framework */ = {isa = PBXFileReference; explicitFileType = wrapper.framework; includeInIndex = 0; path = Pods_TestRegistryFramework.framework; sourceTree = BUILT_PRODUCTS_DIR; };
		C05553673603CF1492D4F26A /* Pods-TestRegistryFramework.release.xcconfig */ = {isa = PBXFileReference; includeInIndex = 1; lastKnownFileType = text.xcconfig; name = "Pods-TestRegistryFramework.release.xcconfig"; path = "Target Support Files/Pods-TestRegistryFramework/Pods-TestRegistryFramework.release.xcconfig"; sourceTree = "<group>"; };
/* End PBXFileReference section */

/* Begin PBXFrameworksBuildPhase section */
		526208BC27FFFE8600D4995B /* Frameworks */ = {
			isa = PBXFrameworksBuildPhase;
			buildActionMask = 2147483647;
			files = (
				54F4A29665AEE76CBD69D5BA /* Pods_TestRegistryFramework.framework in Frameworks */,
			);
			runOnlyForDeploymentPostprocessing = 0;
		};
/* End PBXFrameworksBuildPhase section */

/* Begin PBXGroup section */
		3B7D6D9A3EDB15183C4F91C8 /* Pods */ = {
			isa = PBXGroup;
			children = (
				5245B9B1AB7F396006A8DDC8 /* Pods-TestRegistryFramework.debug.xcconfig */,
				C05553673603CF1492D4F26A /* Pods-TestRegistryFramework.release.xcconfig */,
			);
			path = Pods;
			sourceTree = "<group>";
		};
		526208B627FFFE8600D4995B = {
			isa = PBXGroup;
			children = (
				526208C127FFFE8600D4995B /* TestRegistryFramework */,
				526208C027FFFE8600D4995B /* Products */,
				3B7D6D9A3EDB15183C4F91C8 /* Pods */,
				8BC7989957D01D5017F5547C /* Frameworks */,
			);
			sourceTree = "<group>";
		};
		526208C027FFFE8600D4995B /* Products */ = {
			isa = PBXGroup;
			children = (
				526208BF27FFFE8600D4995B /* TestRegistryFramework.app */,
			);
			name = Products;
			sourceTree = "<group>";
		};
		526208C127FFFE8600D4995B /* TestRegistryFramework */ = {
			isa = PBXGroup;
			children = (
				526208C227FFFE8600D4995B /* AppDelegate.swift */,
				526208C427FFFE8600D4995B /* SceneDelegate.swift */,
				526208C627FFFE8600D4995B /* ViewController.swift */,
				526208C827FFFE8600D4995B /* Main.storyboard */,
				526208CB27FFFE8700D4995B /* Assets.xcassets */,
				526208CD27FFFE8700D4995B /* LaunchScreen.storyboard */,
				526208D027FFFE8700D4995B /* Info.plist */,
			);
			path = TestRegistryFramework;
			sourceTree = "<group>";
		};
		8BC7989957D01D5017F5547C /* Frameworks */ = {
			isa = PBXGroup;
			children = (
				73902D7F1F1A72027C586DB8 /* Pods_TestRegistryFramework.framework */,
			);
			name = Frameworks;
			sourceTree = "<group>";
		};
/* End PBXGroup section */

/* Begin PBXNativeTarget section */
		526208BE27FFFE8600D4995B /* TestRegistryFramework */ = {
			isa = PBXNativeTarget;
			buildConfigurationList = 526208D327FFFE8700D4995B /* Build configuration list for PBXNativeTarget "TestRegistryFramework" */;
			buildPhases = (
				F1B576B1FB962589D3C6A019 /* [CP] Check Pods Manifest.lock */,
				526208BB27FFFE8600D4995B /* Sources */,
				526208BC27FFFE8600D4995B /* Frameworks */,
				526208BD27FFFE8600D4995B /* Resources */,
				526208D9280005E600D4995B /* Embed Frameworks */,
			);
			buildRules = (
			);
			dependencies = (
			);
			name = TestRegistryFramework;
			productName = TestRegistryFramework;
			productReference = 526208BF27FFFE8600D4995B /* TestRegistryFramework.app */;
			productType = "com.apple.product-type.application";
		};
/* End PBXNativeTarget section */

/* Begin PBXProject section */
		526208B727FFFE8600D4995B /* Project object */ = {
			isa = PBXProject;
			attributes = {
				BuildIndependentTargetsInParallel = 1;
				LastSwiftUpdateCheck = 1320;
				LastUpgradeCheck = 1320;
				TargetAttributes = {
					526208BE27FFFE8600D4995B = {
						CreatedOnToolsVersion = 13.2.1;
					};
				};
			};
			buildConfigurationList = 526208BA27FFFE8600D4995B /* Build configuration list for PBXProject "TestRegistryFramework" */;
			compatibilityVersion = "Xcode 13.0";
			developmentRegion = en;
			hasScannedForEncodings = 0;
			knownRegions = (
				en,
				Base,
			);
			mainGroup = 526208B627FFFE8600D4995B;
			productRefGroup = 526208C027FFFE8600D4995B /* Products */;
			projectDirPath = "";
			projectRoot = "";
			targets = (
				526208BE27FFFE8600D4995B /* TestRegistryFramework */,
			);
		};
/* End PBXProject section */

/* Begin PBXResourcesBuildPhase section */
		526208BD27FFFE8600D4995B /* Resources */ = {
			isa = PBXResourcesBuildPhase;
			buildActionMask = 2147483647;
			files = (
				526208CF27FFFE8700D4995B /* LaunchScreen.storyboard in Resources */,
				526208CC27FFFE8700D4995B /* Assets.xcassets in Resources */,
				526208CA27FFFE8600D4995B /* Main.storyboard in Resources */,
			);
			runOnlyForDeploymentPostprocessing = 0;
		};
/* End PBXResourcesBuildPhase section */

/* Begin PBXShellScriptBuildPhase section */
		F1B576B1FB962589D3C6A019 /* [CP] Check Pods Manifest.lock */ = {
			isa = PBXShellScriptBuildPhase;
			buildActionMask = 2147483647;
			files = (
			);
			inputFileListPaths = (
			);
			inputPaths = (
				"${PODS_PODFILE_DIR_PATH}/Podfile.lock",
				"${PODS_ROOT}/Manifest.lock",
			);
			name = "[CP] Check Pods Manifest.lock";
			outputFileListPaths = (
			);
			outputPaths = (
				"$(DERIVED_FILE_DIR)/Pods-TestRegistryFramework-checkManifestLockResult.txt",
			);
			runOnlyForDeploymentPostprocessing = 0;
			shellPath = /bin/sh;
			shellScript = "diff \"${PODS_PODFILE_DIR_PATH}/Podfile.lock\" \"${PODS_ROOT}/Manifest.lock\" > /dev/null\nif [ $? != 0 ] ; then\n    # print error to STDERR\n    echo \"error: The sandbox is not in sync with the Podfile.lock. Run 'pod install' or update your CocoaPods installation.\" >&2\n    exit 1\nfi\n# This output is used by Xcode 'outputs' to avoid re-running this script phase.\necho \"SUCCESS\" > \"${SCRIPT_OUTPUT_FILE_0}\"\n";
			showEnvVarsInLog = 0;
		};
/* End PBXShellScriptBuildPhase section */

/* Begin PBXSourcesBuildPhase section */
		526208BB27FFFE8600D4995B /* Sources */ = {
			isa = PBXSourcesBuildPhase;
			buildActionMask = 2147483647;
			files = (
				526208C727FFFE8600D4995B /* ViewController.swift in Sources */,
				526208C327FFFE8600D4995B /* AppDelegate.swift in Sources */,
				526208C527FFFE8600D4995B /* SceneDelegate.swift in Sources */,
			);
			runOnlyForDeploymentPostprocessing = 0;
		};
/* End PBXSourcesBuildPhase section */

/* Begin PBXVariantGroup section */
		526208C827FFFE8600D4995B /* Main.storyboard */ = {
			isa = PBXVariantGroup;
			children = (
				526208C927FFFE8600D4995B /* Base */,
			);
			name = Main.storyboard;
			sourceTree = "<group>";
		};
		526208CD27FFFE8700D4995B /* LaunchScreen.storyboard */ = {
			isa = PBXVariantGroup;
			children = (
				526208CE27FFFE8700D4995B /* Base */,
			);
			name = LaunchScreen.storyboard;
			sourceTree = "<group>";
		};
/* End PBXVariantGroup section */

/* Begin XCBuildConfiguration section */
		526208D127FFFE8700D4995B /* Debug */ = {
			isa = XCBuildConfiguration;
			buildSettings = {
				ALWAYS_SEARCH_USER_PATHS = NO;
				CLANG_ANALYZER_NONNULL = YES;
				CLANG_ANALYZER_NUMBER_OBJECT_CONVERSION = YES_AGGRESSIVE;
				CLANG_CXX_LANGUAGE_STANDARD = "gnu++17";
				CLANG_CXX_LIBRARY = "libc++";
				CLANG_ENABLE_MODULES = YES;
				CLANG_ENABLE_OBJC_ARC = YES;
				CLANG_ENABLE_OBJC_WEAK = YES;
				CLANG_WARN_BLOCK_CAPTURE_AUTORELEASING = YES;
				CLANG_WARN_BOOL_CONVERSION = YES;
				CLANG_WARN_COMMA = YES;
				CLANG_WARN_CONSTANT_CONVERSION = YES;
				CLANG_WARN_DEPRECATED_OBJC_IMPLEMENTATIONS = YES;
				CLANG_WARN_DIRECT_OBJC_ISA_USAGE = YES_ERROR;
				CLANG_WARN_DOCUMENTATION_COMMENTS = YES;
				CLANG_WARN_EMPTY_BODY = YES;
				CLANG_WARN_ENUM_CONVERSION = YES;
				CLANG_WARN_INFINITE_RECURSION = YES;
				CLANG_WARN_INT_CONVERSION = YES;
				CLANG_WARN_NON_LITERAL_NULL_CONVERSION = YES;
				CLANG_WARN_OBJC_IMPLICIT_RETAIN_SELF = YES;
				CLANG_WARN_OBJC_LITERAL_CONVERSION = YES;
				CLANG_WARN_OBJC_ROOT_CLASS = YES_ERROR;
				CLANG_WARN_QUOTED_INCLUDE_IN_FRAMEWORK_HEADER = YES;
				CLANG_WARN_RANGE_LOOP_ANALYSIS = YES;
				CLANG_WARN_STRICT_PROTOTYPES = YES;
				CLANG_WARN_SUSPICIOUS_MOVE = YES;
				CLANG_WARN_UNGUARDED_AVAILABILITY = YES_AGGRESSIVE;
				CLANG_WARN_UNREACHABLE_CODE = YES;
				CLANG_WARN__DUPLICATE_METHOD_MATCH = YES;
				COPY_PHASE_STRIP = NO;
				DEBUG_INFORMATION_FORMAT = dwarf;
				ENABLE_STRICT_OBJC_MSGSEND = YES;
				ENABLE_TESTABILITY = YES;
				GCC_C_LANGUAGE_STANDARD = gnu11;
				GCC_DYNAMIC_NO_PIC = NO;
				GCC_NO_COMMON_BLOCKS = YES;
				GCC_OPTIMIZATION_LEVEL = 0;
				GCC_PREPROCESSOR_DEFINITIONS = (
					"DEBUG=1",
					"$(inherited)",
				);
				GCC_WARN_64_TO_32_BIT_CONVERSION = YES;
				GCC_WARN_ABOUT_RETURN_TYPE = YES_ERROR;
				GCC_WARN_UNDECLARED_SELECTOR = YES;
				GCC_WARN_UNINITIALIZED_AUTOS = YES_AGGRESSIVE;
				GCC_WARN_UNUSED_FUNCTION = YES;
				GCC_WARN_UNUSED_VARIABLE = YES;
				IPHONEOS_DEPLOYMENT_TARGET = 15.2;
				MTL_ENABLE_DEBUG_INFO = INCLUDE_SOURCE;
				MTL_FAST_MATH = YES;
				ONLY_ACTIVE_ARCH = YES;
				SDKROOT = iphoneos;
				SWIFT_ACTIVE_COMPILATION_CONDITIONS = DEBUG;
				SWIFT_OPTIMIZATION_LEVEL = "-Onone";
			};
			name = Debug;
		};
		526208D227FFFE8700D4995B /* Release */ = {
			isa = XCBuildConfiguration;
			buildSettings = {
				ALWAYS_SEARCH_USER_PATHS = NO;
				CLANG_ANALYZER_NONNULL = YES;
				CLANG_ANALYZER_NUMBER_OBJECT_CONVERSION = YES_AGGRESSIVE;
				CLANG_CXX_LANGUAGE_STANDARD = "gnu++17";
				CLANG_CXX_LIBRARY = "libc++";
				CLANG_ENABLE_MODULES = YES;
				CLANG_ENABLE_OBJC_ARC = YES;
				CLANG_ENABLE_OBJC_WEAK = YES;
				CLANG_WARN_BLOCK_CAPTURE_AUTORELEASING = YES;
				CLANG_WARN_BOOL_CONVERSION = YES;
				CLANG_WARN_COMMA = YES;
				CLANG_WARN_CONSTANT_CONVERSION = YES;
				CLANG_WARN_DEPRECATED_OBJC_IMPLEMENTATIONS = YES;
				CLANG_WARN_DIRECT_OBJC_ISA_USAGE = YES_ERROR;
				CLANG_WARN_DOCUMENTATION_COMMENTS = YES;
				CLANG_WARN_EMPTY_BODY = YES;
				CLANG_WARN_ENUM_CONVERSION = YES;
				CLANG_WARN_INFINITE_RECURSION = YES;
				CLANG_WARN_INT_CONVERSION = YES;
				CLANG_WARN_NON_LITERAL_NULL_CONVERSION = YES;
				CLANG_WARN_OBJC_IMPLICIT_RETAIN_SELF = YES;
				CLANG_WARN_OBJC_LITERAL_CONVERSION = YES;
				CLANG_WARN_OBJC_ROOT_CLASS = YES_ERROR;
				CLANG_WARN_QUOTED_INCLUDE_IN_FRAMEWORK_HEADER = YES;
				CLANG_WARN_RANGE_LOOP_ANALYSIS = YES;
				CLANG_WARN_STRICT_PROTOTYPES = YES;
				CLANG_WARN_SUSPICIOUS_MOVE = YES;
				CLANG_WARN_UNGUARDED_AVAILABILITY = YES_AGGRESSIVE;
				CLANG_WARN_UNREACHABLE_CODE = YES;
				CLANG_WARN__DUPLICATE_METHOD_MATCH = YES;
				COPY_PHASE_STRIP = NO;
				DEBUG_INFORMATION_FORMAT = "dwarf-with-dsym";
				ENABLE_NS_ASSERTIONS = NO;
				ENABLE_STRICT_OBJC_MSGSEND = YES;
				GCC_C_LANGUAGE_STANDARD = gnu11;
				GCC_NO_COMMON_BLOCKS = YES;
				GCC_WARN_64_TO_32_BIT_CONVERSION = YES;
				GCC_WARN_ABOUT_RETURN_TYPE = YES_ERROR;
				GCC_WARN_UNDECLARED_SELECTOR = YES;
				GCC_WARN_UNINITIALIZED_AUTOS = YES_AGGRESSIVE;
				GCC_WARN_UNUSED_FUNCTION = YES;
				GCC_WARN_UNUSED_VARIABLE = YES;
				IPHONEOS_DEPLOYMENT_TARGET = 15.2;
				MTL_ENABLE_DEBUG_INFO = NO;
				MTL_FAST_MATH = YES;
				SDKROOT = iphoneos;
				SWIFT_COMPILATION_MODE = wholemodule;
				SWIFT_OPTIMIZATION_LEVEL = "-O";
				VALIDATE_PRODUCT = YES;
			};
			name = Release;
		};
		526208D427FFFE8700D4995B /* Debug */ = {
			isa = XCBuildConfiguration;
			baseConfigurationReference = 5245B9B1AB7F396006A8DDC8 /* Pods-TestRegistryFramework.debug.xcconfig */;
			buildSettings = {
				ASSETCATALOG_COMPILER_APPICON_NAME = AppIcon;
				ASSETCATALOG_COMPILER_GLOBAL_ACCENT_COLOR_NAME = AccentColor;
				CODE_SIGN_STYLE = Automatic;
				CURRENT_PROJECT_VERSION = 1;
				DEVELOPMENT_TEAM = D3TNB98UZW;
				GENERATE_INFOPLIST_FILE = YES;
				INFOPLIST_FILE = TestRegistryFramework/Info.plist;
				INFOPLIST_KEY_UIApplicationSupportsIndirectInputEvents = YES;
				INFOPLIST_KEY_UILaunchStoryboardName = LaunchScreen;
				INFOPLIST_KEY_UIMainStoryboardFile = Main;
				INFOPLIST_KEY_UISupportedInterfaceOrientations_iPad = "UIInterfaceOrientationPortrait UIInterfaceOrientationPortraitUpsideDown UIInterfaceOrientationLandscapeLeft UIInterfaceOrientationLandscapeRight";
				INFOPLIST_KEY_UISupportedInterfaceOrientations_iPhone = "UIInterfaceOrientationPortrait UIInterfaceOrientationLandscapeLeft UIInterfaceOrientationLandscapeRight";
				IPHONEOS_DEPLOYMENT_TARGET = 15.2;
				LD_RUNPATH_SEARCH_PATHS = (
					"$(inherited)",
					"@executable_path/Frameworks",
				);
				MARKETING_VERSION = 1.0;
				PRODUCT_BUNDLE_IDENTIFIER = photon.TestRegistryFramework;
				PRODUCT_NAME = "$(TARGET_NAME)";
				SWIFT_EMIT_LOC_STRINGS = YES;
				SWIFT_VERSION = 5.0;
				TARGETED_DEVICE_FAMILY = "1,2";
			};
			name = Debug;
		};
		526208D527FFFE8700D4995B /* Release */ = {
			isa = XCBuildConfiguration;
			baseConfigurationReference = C05553673603CF1492D4F26A /* Pods-TestRegistryFramework.release.xcconfig */;
			buildSettings = {
				ASSETCATALOG_COMPILER_APPICON_NAME = AppIcon;
				ASSETCATALOG_COMPILER_GLOBAL_ACCENT_COLOR_NAME = AccentColor;
				CODE_SIGN_STYLE = Automatic;
				CURRENT_PROJECT_VERSION = 1;
				DEVELOPMENT_TEAM = D3TNB98UZW;
				GENERATE_INFOPLIST_FILE = YES;
				INFOPLIST_FILE = TestRegistryFramework/Info.plist;
				INFOPLIST_KEY_UIApplicationSupportsIndirectInputEvents = YES;
				INFOPLIST_KEY_UILaunchStoryboardName = LaunchScreen;
				INFOPLIST_KEY_UIMainStoryboardFile = Main;
				INFOPLIST_KEY_UISupportedInterfaceOrientations_iPad = "UIInterfaceOrientationPortrait UIInterfaceOrientationPortraitUpsideDown UIInterfaceOrientationLandscapeLeft UIInterfaceOrientationLandscapeRight";
				INFOPLIST_KEY_UISupportedInterfaceOrientations_iPhone = "UIInterfaceOrientationPortrait UIInterfaceOrientationLandscapeLeft UIInterfaceOrientationLandscapeRight";
				IPHONEOS_DEPLOYMENT_TARGET = 15.2;
				LD_RUNPATH_SEARCH_PATHS = (
					"$(inherited)",
					"@executable_path/Frameworks",
				);
				MARKETING_VERSION = 1.0;
				PRODUCT_BUNDLE_IDENTIFIER = photon.TestRegistryFramework;
				PRODUCT_NAME = "$(TARGET_NAME)";
				SWIFT_EMIT_LOC_STRINGS = YES;
				SWIFT_VERSION = 5.0;
				TARGETED_DEVICE_FAMILY = "1,2";
			};
			name = Release;
		};
/* End XCBuildConfiguration section */

/* Begin XCConfigurationList section */
		526208BA27FFFE8600D4995B /* Build configuration list for PBXProject "TestRegistryFramework" */ = {
			isa = XCConfigurationList;
			buildConfigurations = (
				526208D127FFFE8700D4995B /* Debug */,
				526208D227FFFE8700D4995B /* Release */,
			);
			defaultConfigurationIsVisible = 0;
			defaultConfigurationName = Release;
		};
		526208D327FFFE8700D4995B /* Build configuration list for PBXNativeTarget "TestRegistryFramework" */ = {
			isa = XCConfigurationList;
			buildConfigurations = (
				526208D427FFFE8700D4995B /* Debug */,
				526208D527FFFE8700D4995B /* Release */,
			);
			defaultConfigurationIsVisible = 0;
			defaultConfigurationName = Release;
		};
/* End XCConfigurationList section */
	};
	rootObject = 526208B727FFFE8600D4995B /* Project object */;
}
